hash: 18a598147033dd42f078a6acf86c84b498a56b744c4787369b4e53d3145a093c
updated: 2016-04-12T12:51:25.58450631-07:00
imports:
- name: github.com/go-errors/errors
  version: a41850380601eeb43f4350f7d17c6bbd8944aaf8
- name: github.com/kelseyhightower/envconfig
  version: cea086319492c3940683ea5e122aa5de70a33923
- name: sourcegraph.com/sourcegraph/go-selenium
  version: 272d919437f5c2cb8527d1a46c5974c552b6bee7
devImports: []
